
Microsoft Visual Studio Solution File, Format Version 12.00
# Visual Studio Version 16
VisualStudioVersion = 16.0.29324.140
MinimumVisualStudioVersion = 10.0.40219.1
Project("{FAE04EC0-301F-11D3-BF4B-00C04F79EFBC}") = "ImageSelector", "ImageSelector\ImageSelector.csproj", "{81DE8F33-72F9-4640-B8F5-46C648B51B28}"
EndProject
Project("{FAE04EC0-301F-11D3-BF4B-00C04F79EFBC}") = "ImageSelector.Core", "ImageSelector.Core\ImageSelector.Core.csproj", "{2E18A69B-BE56-4DBC-A07F-5E482145D868}"
EndProject
Project("{FAE04EC0-301F-11D3-BF4B-00C04F79EFBC}") = "ImageSelector.Core.Tests", "ImageSelector.Core.Tests\ImageSelector.Core.Tests.csproj", "{D6B58568-7589-4D12-AFF4-EB9FB8F9403B}"
EndProject
Project("{FAE04EC0-301F-11D3-BF4B-00C04F79EFBC}") = "ImageSelector.Tests", "ImageSelector.Tests\ImageSelector.Tests.csproj", "{7F0FE78E-C679-4CFA-9965-A10C91BA673C}"
EndProject
Global
	GlobalSection(SolutionConfigurationPlatforms) = preSolution
		Debug|Any CPU = Debug|Any CPU
		Release|Any CPU = Release|Any CPU
	EndGlobalSection
	GlobalSection(ProjectConfigurationPlatforms) = postSolution
		{81DE8F33-72F9-4640-B8F5-46C648B51B28}.Debug|Any CPU.ActiveCfg = Debug|Any CPU
		{81DE8F33-72F9-4640-B8F5-46C648B51B28}.Debug|Any CPU.Build.0 = Debug|Any CPU
		{81DE8F33-72F9-4640-B8F5-46C648B51B28}.Release|Any CPU.ActiveCfg = Release|Any CPU
		{81DE8F33-72F9-4640-B8F5-46C648B51B28}.Release|Any CPU.Build.0 = Release|Any CPU
		{2E18A69B-BE56-4DBC-A07F-5E482145D868}.Debug|Any CPU.ActiveCfg = Debug|Any CPU
		{2E18A69B-BE56-4DBC-A07F-5E482145D868}.Debug|Any CPU.Build.0 = Debug|Any CPU
		{2E18A69B-BE56-4DBC-A07F-5E482145D868}.Release|Any CPU.ActiveCfg = Release|Any CPU
		{2E18A69B-BE56-4DBC-A07F-5E482145D868}.Release|Any CPU.Build.0 = Release|Any CPU
		{D6B58568-7589-4D12-AFF4-EB9FB8F9403B}.Debug|Any CPU.ActiveCfg = Debug|Any CPU
		{D6B58568-7589-4D12-AFF4-EB9FB8F9403B}.Debug|Any CPU.Build.0 = Debug|Any CPU
		{D6B58568-7589-4D12-AFF4-EB9FB8F9403B}.Release|Any CPU.ActiveCfg = Release|Any CPU
		{D6B58568-7589-4D12-AFF4-EB9FB8F9403B}.Release|Any CPU.Build.0 = Release|Any CPU
		{7F0FE78E-C679-4CFA-9965-A10C91BA673C}.Debug|Any CPU.ActiveCfg = Debug|Any CPU
		{7F0FE78E-C679-4CFA-9965-A10C91BA673C}.Debug|Any CPU.Build.0 = Debug|Any CPU
		{7F0FE78E-C679-4CFA-9965-A10C91BA673C}.Release|Any CPU.ActiveCfg = Release|Any CPU
		{7F0FE78E-C679-4CFA-9965-A10C91BA673C}.Release|Any CPU.Build.0 = Release|Any CPU
	EndGlobalSection
	GlobalSection(SolutionProperties) = preSolution
		HideSolutionNode = FALSE
	EndGlobalSection
	GlobalSection(ExtensibilityGlobals) = postSolution
		SolutionGuid = {A9018FA4-C01E-464D-A50F-8BD8102D3101}
	EndGlobalSection
EndGlobal
